{
  "version": 4,
  "terraform_version": "1.3.4",
  "serial": 4,
  "lineage": "6f5b9c8a-b144-49e7-4cee-d2ece07256ed",
  "outputs": {},
  "resources": [
    {
      "mode": "managed",
      "type": "local_file",
      "name": "productos",
      "provider": "provider[\"registry.terraform.io/hashicorp/local\"]",
      "instances": [
        {
          "schema_version": 0,
          "attributes": {
            "content": "Lista Productos tienda",
            "content_base64": null,
            "directory_permission": "0777",
            "file_permission": "0777",
            "filename": "productos.txt",
            "id": "3b5cf1deccadf2a61de40a61799155d808e8345e",
            "sensitive_content": null,
            "source": null
          },
          "sensitive_attributes": []
        }
      ]
    }
  ],
  "check_results": null
}
