{
  "version": 4,
  "terraform_version": "1.3.4",
  "serial": 7,
  "lineage": "4241197c-72cf-8c22-2c93-837f32355625",
  "outputs": {},
  "resources": [
    {
      "mode": "managed",
      "type": "aws_vpc",
      "name": "my_vpc",
      "provider": "provider[\"registry.terraform.io/hashicorp/aws\"]",
      "instances": [
        {
          "schema_version": 1,
          "attributes": {
            "arn": "arn:aws:ec2:eu-central-1:028023886500:vpc/vpc-087af33bc036f652f",
            "assign_generated_ipv6_cidr_block": false,
            "cidr_block": "10.1.0.0/16",
            "default_network_acl_id": "acl-0c6473dfca71d264e",
            "default_route_table_id": "rtb-01c13f69d0f0dac50",
            "default_security_group_id": "sg-016f8a8e0f214d024",
            "dhcp_options_id": "dopt-6216f008",
            "enable_classiclink": false,
            "enable_classiclink_dns_support": false,
            "enable_dns_hostnames": false,
            "enable_dns_support": true,
            "enable_network_address_usage_metrics": false,
            "id": "vpc-087af33bc036f652f",
            "instance_tenancy": "default",
            "ipv4_ipam_pool_id": null,
            "ipv4_netmask_length": null,
            "ipv6_association_id": "",
            "ipv6_cidr_block": "",
            "ipv6_cidr_block_network_border_group": "",
            "ipv6_ipam_pool_id": "",
            "ipv6_netmask_length": 0,
            "main_route_table_id": "rtb-01c13f69d0f0dac50",
            "owner_id": "028023886500",
            "tags": {
              "Name": "VPC-test",
              "env": "develop",
              "name": "test"
            },
            "tags_all": {
              "Name": "VPC-test",
              "env": "develop",
              "name": "test"
            }
          },
          "sensitive_attributes": [],
          "private": "eyJzY2hlbWFfdmVyc2lvbiI6IjEifQ=="
        }
      ]
    },
    {
      "mode": "managed",
      "type": "aws_vpc",
      "name": "vpc_irish",
      "provider": "provider[\"registry.terraform.io/hashicorp/aws\"].ireland",
      "instances": [
        {
          "schema_version": 1,
          "attributes": {
            "arn": "arn:aws:ec2:eu-west-1:028023886500:vpc/vpc-0fdeb4eb0e256ece9",
            "assign_generated_ipv6_cidr_block": false,
            "cidr_block": "10.2.0.0/16",
            "default_network_acl_id": "acl-0198427c1aa4c7234",
            "default_route_table_id": "rtb-0e69d286b27a00164",
            "default_security_group_id": "sg-05c86d1e864abdccf",
            "dhcp_options_id": "dopt-701b6316",
            "enable_classiclink": false,
            "enable_classiclink_dns_support": false,
            "enable_dns_hostnames": false,
            "enable_dns_support": true,
            "enable_network_address_usage_metrics": false,
            "id": "vpc-0fdeb4eb0e256ece9",
            "instance_tenancy": "default",
            "ipv4_ipam_pool_id": null,
            "ipv4_netmask_length": null,
            "ipv6_association_id": "",
            "ipv6_cidr_block": "",
            "ipv6_cidr_block_network_border_group": "",
            "ipv6_ipam_pool_id": "",
            "ipv6_netmask_length": 0,
            "main_route_table_id": "rtb-0e69d286b27a00164",
            "owner_id": "028023886500",
            "tags": {
              "Name": "VPC-test",
              "env": "develop",
              "name": "test"
            },
            "tags_all": {
              "Name": "VPC-test",
              "env": "develop",
              "name": "test"
            }
          },
          "sensitive_attributes": [],
          "private": "eyJzY2hlbWFfdmVyc2lvbiI6IjEifQ=="
        }
      ]
    }
  ],
  "check_results": null
}
